{
  "name": "abnf-tester",
  "version": "0.0.1",
  "lockfileVersion": 2,
  "requires": true,
  "packages": {
    "": {
      "name": "abnf-tester",
      "version": "0.0.1",
      "license": "MIT",
      "dependencies": {
        "apg": "^3.1.2",
        "apg-js": "^4.1.2",
        "commander": "^9.4.1",
        "heket": "^1.4.2"
      }
    },
    "node_modules/apg": {
      "version": "3.1.2",
      "resolved": "https://registry.npmjs.org/apg/-/apg-3.1.2.tgz",
      "integrity": "sha512-TIk+XT/itFNvpVFv1kUbJTX1iRVhSWxaYIdfimXCTtKuqeBYgbpkHaAKtQ9l2GVtlMOuvuxdJ912eKblebjckA==",
      "dependencies": {
        "apg-api": "1.0.x",
        "apg-conv-api": "1.0.x",
        "apg-lib": "3.1.x"
      },
      "bin": {
        "apg": "bin/apg"
      }
    },
    "node_modules/apg-api": {
      "version": "1.0.1",
      "resolved": "https://registry.npmjs.org/apg-api/-/apg-api-1.0.1.tgz",
      "integrity": "sha512-uvWEidm6NFifpiqnbc+1ocqppmRR2a68f9m/8Bc9iDiLWWtwsOP9VFjaoERlEdbcEsuKEKeiz1i9YfyWec03jA==",
      "dependencies": {
        "apg-conv-api": "1.0.x",
        "apg-lib": "3.1.x"
      }
    },
    "node_modules/apg-conv-api": {
      "version": "1.0.1",
      "resolved": "https://registry.npmjs.org/apg-conv-api/-/apg-conv-api-1.0.1.tgz",
      "integrity": "sha512-1h4LB3N/4+FcujMGQIp0OIKdNNlwyXF8e4duy6ACjBUdHSUT4z5PVyFaf9+ego52IpgNAAdQCl6Up9vTM9cvqg=="
    },
    "node_modules/apg-js": {
      "version": "4.1.2",
      "resolved": "https://registry.npmjs.org/apg-js/-/apg-js-4.1.2.tgz",
      "integrity": "sha512-2OALKUe82NLVPe4NTooom8NykWIa2D7YxO7jG1pgnYWnkfhTUriXpITmLvVD8k8TzDfa9G5O4y8rPe2/uUB1Bg=="
    },
    "node_modules/apg-lib": {
      "version": "3.1.1",
      "resolved": "https://registry.npmjs.org/apg-lib/-/apg-lib-3.1.1.tgz",
      "integrity": "sha512-YVqEjbCvpo69zI4TOQ5Ntj9e7Jz6kdZIMQK7jdz5nBQuLSSvGXhrFDboPozf1zCOYdEJn4ybSbcjfDqmijxkEg==",
      "dependencies": {
        "apg-conv-api": "1.0.x"
      }
    },
    "node_modules/commander": {
      "version": "9.4.1",
      "resolved": "https://registry.npmjs.org/commander/-/commander-9.4.1.tgz",
      "integrity": "sha512-5EEkTNyHNGFPD2H+c/dXXfQZYa/scCKasxWcXJaWnNJ99pnQN9Vnmqow+p+PlFPE63Q6mThaZws1T+HxfpgtPw==",
      "engines": {
        "node": "^12.20.0 || >=14"
      }
    },
    "node_modules/heket": {
      "version": "1.4.2",
      "resolved": "https://registry.npmjs.org/heket/-/heket-1.4.2.tgz",
      "integrity": "sha512-rV8K7gHhlHC0oR5NAJicdTqdBT6pbotKIAgxT4jJ1hCLinH3kac4s24uhX8Y246yY2X7j8DBSItBsllPUBrBRA=="
    }
  },
  "dependencies": {
    "apg": {
      "version": "3.1.2",
      "resolved": "https://registry.npmjs.org/apg/-/apg-3.1.2.tgz",
      "integrity": "sha512-TIk+XT/itFNvpVFv1kUbJTX1iRVhSWxaYIdfimXCTtKuqeBYgbpkHaAKtQ9l2GVtlMOuvuxdJ912eKblebjckA==",
      "requires": {
        "apg-api": "1.0.x",
        "apg-conv-api": "1.0.x",
        "apg-lib": "3.1.x"
      }
    },
    "apg-api": {
      "version": "1.0.1",
      "resolved": "https://registry.npmjs.org/apg-api/-/apg-api-1.0.1.tgz",
      "integrity": "sha512-uvWEidm6NFifpiqnbc+1ocqppmRR2a68f9m/8Bc9iDiLWWtwsOP9VFjaoERlEdbcEsuKEKeiz1i9YfyWec03jA==",
      "requires": {
        "apg-conv-api": "1.0.x",
        "apg-lib": "3.1.x"
      }
    },
    "apg-conv-api": {
      "version": "1.0.1",
      "resolved": "https://registry.npmjs.org/apg-conv-api/-/apg-conv-api-1.0.1.tgz",
      "integrity": "sha512-1h4LB3N/4+FcujMGQIp0OIKdNNlwyXF8e4duy6ACjBUdHSUT4z5PVyFaf9+ego52IpgNAAdQCl6Up9vTM9cvqg=="
    },
    "apg-js": {
      "version": "4.1.2",
      "resolved": "https://registry.npmjs.org/apg-js/-/apg-js-4.1.2.tgz",
      "integrity": "sha512-2OALKUe82NLVPe4NTooom8NykWIa2D7YxO7jG1pgnYWnkfhTUriXpITmLvVD8k8TzDfa9G5O4y8rPe2/uUB1Bg=="
    },
    "apg-lib": {
      "version": "3.1.1",
      "resolved": "https://registry.npmjs.org/apg-lib/-/apg-lib-3.1.1.tgz",
      "integrity": "sha512-YVqEjbCvpo69zI4TOQ5Ntj9e7Jz6kdZIMQK7jdz5nBQuLSSvGXhrFDboPozf1zCOYdEJn4ybSbcjfDqmijxkEg==",
      "requires": {
        "apg-conv-api": "1.0.x"
      }
    },
    "commander": {
      "version": "9.4.1",
      "resolved": "https://registry.npmjs.org/commander/-/commander-9.4.1.tgz",
      "integrity": "sha512-5EEkTNyHNGFPD2H+c/dXXfQZYa/scCKasxWcXJaWnNJ99pnQN9Vnmqow+p+PlFPE63Q6mThaZws1T+HxfpgtPw=="
    },
    "heket": {
      "version": "1.4.2",
      "resolved": "https://registry.npmjs.org/heket/-/heket-1.4.2.tgz",
      "integrity": "sha512-rV8K7gHhlHC0oR5NAJicdTqdBT6pbotKIAgxT4jJ1hCLinH3kac4s24uhX8Y246yY2X7j8DBSItBsllPUBrBRA=="
    }
  }
}
